
Microsoft Visual Studio Solution File, Format Version 12.00
# Visual Studio Version 17
VisualStudioVersion = 17.5.33516.290
MinimumVisualStudioVersion = 10.0.40219.1
Project("{9A19103F-16F7-4668-BE54-9A1E7A4F7556}") = "01.ThreadDemo", "01.ThreadDemo\01.ThreadDemo.csproj", "{DD1770C1-0888-4A2E-B392-9EF1C60E6A39}"
EndProject
Project("{8BC9CEB8-8B4A-11D0-8D11-00A0C91BC942}") = "02.ThreadInc", "02.ThreadInc\ThreadInc.vcxproj", "{462E6F6C-E0C0-4CEF-A03E-AF383380177E}"
EndProject
Project("{8BC9CEB8-8B4A-11D0-8D11-00A0C91BC942}") = "03.CriticalSection", "03.Multi\Multi.vcxproj", "{C3D6378A-7EEB-4438-9572-A3B58E58422C}"
EndProject
Project("{9A19103F-16F7-4668-BE54-9A1E7A4F7556}") = "04.Monitor", "04.Monitor\04.Monitor.csproj", "{08E55BD4-05B1-4D28-B48D-9676E8D5C8DF}"
EndProject
Project("{9A19103F-16F7-4668-BE54-9A1E7A4F7556}") = "05.CoRoutine", "05.CoRoutine\05.CoRoutine.csproj", "{4E3AF23F-60B5-40D3-B481-8FA99FC3FFB1}"
EndProject
Project("{9A19103F-16F7-4668-BE54-9A1E7A4F7556}") = "06.AsyncDemo", "06.AsyncDemo\06.AsyncDemo.csproj", "{4888F3D6-97BB-49E3-B165-15F98A182617}"
EndProject
Global
	GlobalSection(SolutionConfigurationPlatforms) = preSolution
		Debug|Any CPU = Debug|Any CPU
		Debug|x64 = Debug|x64
		Debug|x86 = Debug|x86
		Release|Any CPU = Release|Any CPU
		Release|x64 = Release|x64
		Release|x86 = Release|x86
	EndGlobalSection
	GlobalSection(ProjectConfigurationPlatforms) = postSolution
		{DD1770C1-0888-4A2E-B392-9EF1C60E6A39}.Debug|Any CPU.ActiveCfg = Debug|Any CPU
		{DD1770C1-0888-4A2E-B392-9EF1C60E6A39}.Debug|Any CPU.Build.0 = Debug|Any CPU
		{DD1770C1-0888-4A2E-B392-9EF1C60E6A39}.Debug|x64.ActiveCfg = Debug|Any CPU
		{DD1770C1-0888-4A2E-B392-9EF1C60E6A39}.Debug|x64.Build.0 = Debug|Any CPU
		{DD1770C1-0888-4A2E-B392-9EF1C60E6A39}.Debug|x86.ActiveCfg = Debug|Any CPU
		{DD1770C1-0888-4A2E-B392-9EF1C60E6A39}.Debug|x86.Build.0 = Debug|Any CPU
		{DD1770C1-0888-4A2E-B392-9EF1C60E6A39}.Release|Any CPU.ActiveCfg = Release|Any CPU
		{DD1770C1-0888-4A2E-B392-9EF1C60E6A39}.Release|Any CPU.Build.0 = Release|Any CPU
		{DD1770C1-0888-4A2E-B392-9EF1C60E6A39}.Release|x64.ActiveCfg = Release|Any CPU
		{DD1770C1-0888-4A2E-B392-9EF1C60E6A39}.Release|x64.Build.0 = Release|Any CPU
		{DD1770C1-0888-4A2E-B392-9EF1C60E6A39}.Release|x86.ActiveCfg = Release|Any CPU
		{DD1770C1-0888-4A2E-B392-9EF1C60E6A39}.Release|x86.Build.0 = Release|Any CPU
		{462E6F6C-E0C0-4CEF-A03E-AF383380177E}.Debug|Any CPU.ActiveCfg = Debug|x64
		{462E6F6C-E0C0-4CEF-A03E-AF383380177E}.Debug|Any CPU.Build.0 = Debug|x64
		{462E6F6C-E0C0-4CEF-A03E-AF383380177E}.Debug|x64.ActiveCfg = Debug|x64
		{462E6F6C-E0C0-4CEF-A03E-AF383380177E}.Debug|x64.Build.0 = Debug|x64
		{462E6F6C-E0C0-4CEF-A03E-AF383380177E}.Debug|x86.ActiveCfg = Debug|Win32
		{462E6F6C-E0C0-4CEF-A03E-AF383380177E}.Debug|x86.Build.0 = Debug|Win32
		{462E6F6C-E0C0-4CEF-A03E-AF383380177E}.Release|Any CPU.ActiveCfg = Release|x64
		{462E6F6C-E0C0-4CEF-A03E-AF383380177E}.Release|Any CPU.Build.0 = Release|x64
		{462E6F6C-E0C0-4CEF-A03E-AF383380177E}.Release|x64.ActiveCfg = Release|x64
		{462E6F6C-E0C0-4CEF-A03E-AF383380177E}.Release|x64.Build.0 = Release|x64
		{462E6F6C-E0C0-4CEF-A03E-AF383380177E}.Release|x86.ActiveCfg = Release|Win32
		{462E6F6C-E0C0-4CEF-A03E-AF383380177E}.Release|x86.Build.0 = Release|Win32
		{C3D6378A-7EEB-4438-9572-A3B58E58422C}.Debug|Any CPU.ActiveCfg = Debug|x64
		{C3D6378A-7EEB-4438-9572-A3B58E58422C}.Debug|Any CPU.Build.0 = Debug|x64
		{C3D6378A-7EEB-4438-9572-A3B58E58422C}.Debug|x64.ActiveCfg = Debug|x64
		{C3D6378A-7EEB-4438-9572-A3B58E58422C}.Debug|x64.Build.0 = Debug|x64
		{C3D6378A-7EEB-4438-9572-A3B58E58422C}.Debug|x86.ActiveCfg = Debug|Win32
		{C3D6378A-7EEB-4438-9572-A3B58E58422C}.Debug|x86.Build.0 = Debug|Win32
		{C3D6378A-7EEB-4438-9572-A3B58E58422C}.Release|Any CPU.ActiveCfg = Release|x64
		{C3D6378A-7EEB-4438-9572-A3B58E58422C}.Release|Any CPU.Build.0 = Release|x64
		{C3D6378A-7EEB-4438-9572-A3B58E58422C}.Release|x64.ActiveCfg = Release|x64
		{C3D6378A-7EEB-4438-9572-A3B58E58422C}.Release|x64.Build.0 = Release|x64
		{C3D6378A-7EEB-4438-9572-A3B58E58422C}.Release|x86.ActiveCfg = Release|Win32
		{C3D6378A-7EEB-4438-9572-A3B58E58422C}.Release|x86.Build.0 = Release|Win32
		{08E55BD4-05B1-4D28-B48D-9676E8D5C8DF}.Debug|Any CPU.ActiveCfg = Debug|Any CPU
		{08E55BD4-05B1-4D28-B48D-9676E8D5C8DF}.Debug|Any CPU.Build.0 = Debug|Any CPU
		{08E55BD4-05B1-4D28-B48D-9676E8D5C8DF}.Debug|x64.ActiveCfg = Debug|Any CPU
		{08E55BD4-05B1-4D28-B48D-9676E8D5C8DF}.Debug|x64.Build.0 = Debug|Any CPU
		{08E55BD4-05B1-4D28-B48D-9676E8D5C8DF}.Debug|x86.ActiveCfg = Debug|Any CPU
		{08E55BD4-05B1-4D28-B48D-9676E8D5C8DF}.Debug|x86.Build.0 = Debug|Any CPU
		{08E55BD4-05B1-4D28-B48D-9676E8D5C8DF}.Release|Any CPU.ActiveCfg = Release|Any CPU
		{08E55BD4-05B1-4D28-B48D-9676E8D5C8DF}.Release|Any CPU.Build.0 = Release|Any CPU
		{08E55BD4-05B1-4D28-B48D-9676E8D5C8DF}.Release|x64.ActiveCfg = Release|Any CPU
		{08E55BD4-05B1-4D28-B48D-9676E8D5C8DF}.Release|x64.Build.0 = Release|Any CPU
		{08E55BD4-05B1-4D28-B48D-9676E8D5C8DF}.Release|x86.ActiveCfg = Release|Any CPU
		{08E55BD4-05B1-4D28-B48D-9676E8D5C8DF}.Release|x86.Build.0 = Release|Any CPU
		{4E3AF23F-60B5-40D3-B481-8FA99FC3FFB1}.Debug|Any CPU.ActiveCfg = Debug|Any CPU
		{4E3AF23F-60B5-40D3-B481-8FA99FC3FFB1}.Debug|Any CPU.Build.0 = Debug|Any CPU
		{4E3AF23F-60B5-40D3-B481-8FA99FC3FFB1}.Debug|x64.ActiveCfg = Debug|Any CPU
		{4E3AF23F-60B5-40D3-B481-8FA99FC3FFB1}.Debug|x64.Build.0 = Debug|Any CPU
		{4E3AF23F-60B5-40D3-B481-8FA99FC3FFB1}.Debug|x86.ActiveCfg = Debug|Any CPU
		{4E3AF23F-60B5-40D3-B481-8FA99FC3FFB1}.Debug|x86.Build.0 = Debug|Any CPU
		{4E3AF23F-60B5-40D3-B481-8FA99FC3FFB1}.Release|Any CPU.ActiveCfg = Release|Any CPU
		{4E3AF23F-60B5-40D3-B481-8FA99FC3FFB1}.Release|Any CPU.Build.0 = Release|Any CPU
		{4E3AF23F-60B5-40D3-B481-8FA99FC3FFB1}.Release|x64.ActiveCfg = Release|Any CPU
		{4E3AF23F-60B5-40D3-B481-8FA99FC3FFB1}.Release|x64.Build.0 = Release|Any CPU
		{4E3AF23F-60B5-40D3-B481-8FA99FC3FFB1}.Release|x86.ActiveCfg = Release|Any CPU
		{4E3AF23F-60B5-40D3-B481-8FA99FC3FFB1}.Release|x86.Build.0 = Release|Any CPU
		{4888F3D6-97BB-49E3-B165-15F98A182617}.Debug|Any CPU.ActiveCfg = Debug|Any CPU
		{4888F3D6-97BB-49E3-B165-15F98A182617}.Debug|Any CPU.Build.0 = Debug|Any CPU
		{4888F3D6-97BB-49E3-B165-15F98A182617}.Debug|x64.ActiveCfg = Debug|Any CPU
		{4888F3D6-97BB-49E3-B165-15F98A182617}.Debug|x64.Build.0 = Debug|Any CPU
		{4888F3D6-97BB-49E3-B165-15F98A182617}.Debug|x86.ActiveCfg = Debug|Any CPU
		{4888F3D6-97BB-49E3-B165-15F98A182617}.Debug|x86.Build.0 = Debug|Any CPU
		{4888F3D6-97BB-49E3-B165-15F98A182617}.Release|Any CPU.ActiveCfg = Release|Any CPU
		{4888F3D6-97BB-49E3-B165-15F98A182617}.Release|Any CPU.Build.0 = Release|Any CPU
		{4888F3D6-97BB-49E3-B165-15F98A182617}.Release|x64.ActiveCfg = Release|Any CPU
		{4888F3D6-97BB-49E3-B165-15F98A182617}.Release|x64.Build.0 = Release|Any CPU
		{4888F3D6-97BB-49E3-B165-15F98A182617}.Release|x86.ActiveCfg = Release|Any CPU
		{4888F3D6-97BB-49E3-B165-15F98A182617}.Release|x86.Build.0 = Release|Any CPU
	EndGlobalSection
	GlobalSection(SolutionProperties) = preSolution
		HideSolutionNode = FALSE
	EndGlobalSection
	GlobalSection(ExtensibilityGlobals) = postSolution
		SolutionGuid = {AB0D2DCA-9ACB-428F-825C-96ACF4279ED8}
	EndGlobalSection
EndGlobal
