
Microsoft Visual Studio Solution File, Format Version 12.00
# Visual Studio Version 17
VisualStudioVersion = 17.3.32825.248
MinimumVisualStudioVersion = 10.0.40219.1
Project("{FAE04EC0-301F-11D3-BF4B-00C04F79EFBC}") = "Monitor", "Monitor.csproj", "{CC5E9CEF-76EB-48DC-A7B5-C55B71315B99}"
EndProject
Global
	GlobalSection(SolutionConfigurationPlatforms) = preSolution
		Debug|Any CPU = Debug|Any CPU
		Release|Any CPU = Release|Any CPU
	EndGlobalSection
	GlobalSection(ProjectConfigurationPlatforms) = postSolution
		{CC5E9CEF-76EB-48DC-A7B5-C55B71315B99}.Debug|Any CPU.ActiveCfg = Debug|Any CPU
		{CC5E9CEF-76EB-48DC-A7B5-C55B71315B99}.Debug|Any CPU.Build.0 = Debug|Any CPU
		{CC5E9CEF-76EB-48DC-A7B5-C55B71315B99}.Release|Any CPU.ActiveCfg = Release|Any CPU
		{CC5E9CEF-76EB-48DC-A7B5-C55B71315B99}.Release|Any CPU.Build.0 = Release|Any CPU
	EndGlobalSection
	GlobalSection(SolutionProperties) = preSolution
		HideSolutionNode = FALSE
	EndGlobalSection
	GlobalSection(ExtensibilityGlobals) = postSolution
		SolutionGuid = {5F607127-77C8-4657-99C8-59B16C513F96}
	EndGlobalSection
EndGlobal
